
Microsoft Visual Studio Solution File, Format Version 12.00
# Visual Studio Version 17
VisualStudioVersion = 17.0.31903.59
MinimumVisualStudioVersion = 10.0.40219.1
Project("{FAE04EC0-301F-11D3-BF4B-00C04F79EFBC}") = "TTrainer", "TTrainer\TTrainer.csproj", "{13F0BEB6-AC17-47C5-B07F-0915F772B548}"
EndProject
Global
	GlobalSection(SolutionConfigurationPlatforms) = preSolution
		Debug|Any CPU = Debug|Any CPU
		Release|Any CPU = Release|Any CPU
	EndGlobalSection
	GlobalSection(ProjectConfigurationPlatforms) = postSolution
		{13F0BEB6-AC17-47C5-B07F-0915F772B548}.Debug|Any CPU.ActiveCfg = Debug|Any CPU
		{13F0BEB6-AC17-47C5-B07F-0915F772B548}.Debug|Any CPU.Build.0 = Debug|Any CPU
		{13F0BEB6-AC17-47C5-B07F-0915F772B548}.Release|Any CPU.ActiveCfg = Release|Any CPU
		{13F0BEB6-AC17-47C5-B07F-0915F772B548}.Release|Any CPU.Build.0 = Release|Any CPU
	EndGlobalSection
	GlobalSection(SolutionProperties) = preSolution
		HideSolutionNode = FALSE
	EndGlobalSection
	GlobalSection(ExtensibilityGlobals) = postSolution
		SolutionGuid = {60BFA469-EDA0-49BF-B186-31E85FB97C2E}
	EndGlobalSection
EndGlobal
